PODS:
  - Adjust (4.38.4):
    - Adjust/Core (= 4.38.4)
  - Adjust/Core (4.38.4)
  - Ads-Global (6.3.1.0):
    - Ads-Global/BUAdSDK (= 6.3.1.0)
  - Ads-Global/BUAdSDK (6.3.1.0)
  - AmazonPublisherServicesSDK (4.10.1)
  - AppLovinMediationAmazonAdMarketplaceAdapter (4.10.1.0):
    - AppLovinSDK
  - AppLovinMediationBidMachineAdapter (3.1.1.0.0):
    - AppLovinSDK (>= 13.0.0)
    - BidMachine (= 3.1.1)
  - AppLovinMediationByteDanceAdapter (6.3.1.0.0):
    - Ads-Global (= 6.3.1.0)
    - AppLovinSDK (>= 13.0.0)
  - AppLovinMediationFacebookAdapter (6.15.2.1):
    - AppLovinSDK (>= 13.0.0)
    - FBAudienceNetwork (= 6.15.2)
  - AppLovinMediationFyberAdapter (8.3.3.0):
    - AppLovinSDK (>= 13.0.0)
    - Fyber_Marketplace_SDK (= 8.3.3)
  - AppLovinMediationGoogleAdapter (11.12.0.0):
    - AppLovinSDK (>= 13.0.0)
    - Google-Mobile-Ads-SDK (= 11.12.0)
  - AppLovinMediationGoogleAdManagerAdapter (11.12.0.0):
    - AppLovinSDK (>= 13.0.0)
    - Google-Mobile-Ads-SDK (= 11.12.0)
  - AppLovinMediationInMobiAdapter (10.8.0.0):
    - AppLovinSDK (>= 13.0.0)
    - InMobiSDK (= 10.8.0)
  - AppLovinMediationMintegralAdapter (7.7.3.0.0):
    - AppLovinSDK (>= 13.0.0)
    - MintegralAdSDK (= 7.7.3)
    - MintegralAdSDK/BidSplashAd (= 7.7.3)
  - AppLovinMediationOguryPresageAdapter (5.0.1.0):
    - AppLovinSDK
    - OgurySdk (= 5.0.1)
  - AppLovinMediationUnityAdsAdapter (4.12.5.0):
    - AppLovinSDK (>= 13.0.0)
    - UnityAds (= 4.12.5)
  - AppLovinMediationVungleAdapter (7.4.2.1):
    - AppLovinSDK (>= 13.0.0)
    - VungleAds (= 7.4.2)
  - AppLovinSDK (13.0.1)
  - BidMachine (3.1.1):
    - BidMachine/Static (= 3.1.1)
  - BidMachine/Static (3.1.1):
    - StackModules/Static (~> 3.0.1)
  - FBAudienceNetwork (6.15.2)
  - Fyber_Marketplace_SDK (8.3.3)
  - Google-Mobile-Ads-SDK (11.12.0):
    - GoogleUserMessagingPlatform (>= 1.1)
  - GoogleUserMessagingPlatform (2.7.0)
  - iAdsCoreSDK (1.11.0):
    - iTrackingSDK
  - iAdsMaxSDK (1.17.0):
    - AmazonPublisherServicesSDK
    - AppLovinMediationAmazonAdMarketplaceAdapter
    - AppLovinMediationBidMachineAdapter
    - AppLovinMediationByteDanceAdapter
    - AppLovinMediationFacebookAdapter (= 6.15.2.1)
    - AppLovinMediationFyberAdapter
    - AppLovinMediationGoogleAdapter
    - AppLovinMediationGoogleAdManagerAdapter
    - AppLovinMediationInMobiAdapter
    - AppLovinMediationMintegralAdapter
    - AppLovinMediationOguryPresageAdapter
    - AppLovinMediationUnityAdsAdapter
    - AppLovinMediationVungleAdapter
    - AppLovinSDK
    - iAdsCoreSDK
    - iComponentsSDK
  - iComponentsSDK (1.0.0)
  - InMobiSDK (10.8.0)
  - iReadFileConfigSDK (1.0.0)
  - iTrackingSDK (1.3.0):
    - Adjust (= 4.38.4)
    - iReadFileConfigSDK
  - MintegralAdSDK (7.7.3):
    - MintegralAdSDK/BannerAd (= 7.7.3)
    - MintegralAdSDK/BidBannerAd (= 7.7.3)
    - MintegralAdSDK/BidInterstitialVideoAd (= 7.7.3)
    - MintegralAdSDK/BidNativeAd (= 7.7.3)
    - MintegralAdSDK/BidNewInterstitialAd (= 7.7.3)
    - MintegralAdSDK/BidRewardVideoAd (= 7.7.3)
    - MintegralAdSDK/InterstitialVideoAd (= 7.7.3)
    - MintegralAdSDK/NativeAd (= 7.7.3)
    - MintegralAdSDK/NewInterstitialAd (= 7.7.3)
    - MintegralAdSDK/RewardVideoAd (= 7.7.3)
  - MintegralAdSDK/BannerAd (7.7.3):
    - MintegralAdSDK/NativeAd
  - MintegralAdSDK/BidBannerAd (7.7.3):
    - MintegralAdSDK/BannerAd
    - MintegralAdSDK/BidNativeAd
  - MintegralAdSDK/BidInterstitialVideoAd (7.7.3):
    - MintegralAdSDK/BidNativeAd
    - MintegralAdSDK/InterstitialVideoAd
  - MintegralAdSDK/BidNativeAd (7.7.3):
    - MintegralAdSDK/NativeAd
  - MintegralAdSDK/BidNewInterstitialAd (7.7.3):
    - MintegralAdSDK/BidNativeAd
    - MintegralAdSDK/NewInterstitialAd
  - MintegralAdSDK/BidRewardVideoAd (7.7.3):
    - MintegralAdSDK/BidNativeAd
    - MintegralAdSDK/RewardVideoAd
  - MintegralAdSDK/BidSplashAd (7.7.3):
    - MintegralAdSDK/BidNativeAd
    - MintegralAdSDK/SplashAd
  - MintegralAdSDK/InterstitialVideoAd (7.7.3):
    - MintegralAdSDK/NativeAd
  - MintegralAdSDK/NativeAd (7.7.3)
  - MintegralAdSDK/NewInterstitialAd (7.7.3):
    - MintegralAdSDK/InterstitialVideoAd
    - MintegralAdSDK/NativeAd
  - MintegralAdSDK/RewardVideoAd (7.7.3):
    - MintegralAdSDK/NativeAd
  - MintegralAdSDK/SplashAd (7.7.3):
    - MintegralAdSDK/NativeAd
  - OguryAds (4.0.1):
    - OguryAds/OMID (= 4.0.1)
    - OguryCore (= 2.0.0)
  - OguryAds/OMID (4.0.1):
    - OguryCore (= 2.0.0)
  - OguryCore (2.0.0)
  - OgurySdk (5.0.1):
    - OguryCore (= 2.0.0)
    - OgurySdk/OguryAds (= 5.0.1)
  - OgurySdk/OguryAds (5.0.1):
    - OguryAds (= 4.0.1)
    - OguryCore (= 2.0.0)
  - OMSDK_Appodeal (1.5.2)
  - StackModules/Core-Static (3.0.1)
  - StackModules/ProductPresentation-Static (3.0.1):
    - StackModules/Core-Static
  - StackModules/Rendering-Static (3.0.1):
    - OMSDK_Appodeal (~> 1.5.2)
    - StackModules/Core-Static
    - StackModules/ProductPresentation-Static
  - StackModules/Static (3.0.1):
    - StackModules/Core-Static
    - StackModules/ProductPresentation-Static
    - StackModules/Rendering-Static
  - UnityAds (4.12.5)
  - VungleAds (7.4.2)

DEPENDENCIES:
  - iAdsMaxSDK (from `../`)

SPEC REPOS:
  trunk:
    - Adjust
    - Ads-Global
    - AmazonPublisherServicesSDK
    - AppLovinMediationAmazonAdMarketplaceAdapter
    - AppLovinMediationBidMachineAdapter
    - AppLovinMediationByteDanceAdapter
    - AppLovinMediationFacebookAdapter
    - AppLovinMediationFyberAdapter
    - AppLovinMediationGoogleAdapter
    - AppLovinMediationGoogleAdManagerAdapter
    - AppLovinMediationInMobiAdapter
    - AppLovinMediationMintegralAdapter
    - AppLovinMediationOguryPresageAdapter
    - AppLovinMediationUnityAdsAdapter
    - AppLovinMediationVungleAdapter
    - AppLovinSDK
    - BidMachine
    - FBAudienceNetwork
    - Fyber_Marketplace_SDK
    - Google-Mobile-Ads-SDK
    - GoogleUserMessagingPlatform
    - iAdsCoreSDK
    - iComponentsSDK
    - InMobiSDK
    - iReadFileConfigSDK
    - iTrackingSDK
    - MintegralAdSDK
    - OguryAds
    - OguryCore
    - OgurySdk
    - OMSDK_Appodeal
    - StackModules
    - UnityAds
    - VungleAds

EXTERNAL SOURCES:
  iAdsMaxSDK:
    :path: "../"

SPEC CHECKSUMS:
  Adjust: afda46df69f035fd216310fb85f399c40c61830a
  Ads-Global: 1f1c01c4b217b317bfe012e93fab145a5c25e03c
  AmazonPublisherServicesSDK: 8e6b685c1c6fdc17a24f6723ff6f0fe7036f7326
  AppLovinMediationAmazonAdMarketplaceAdapter: 1837f850885b644f28691a2005e30e3af7861e82
  AppLovinMediationBidMachineAdapter: 47ab3fc5b5ea224665ee0facacf553f83b5b3081
  AppLovinMediationByteDanceAdapter: 1fd63eb56c144abb06b1bb88bd63344db6c57daf
  AppLovinMediationFacebookAdapter: a569c3015e24b5e00049a46bb344ba00894b3541
  AppLovinMediationFyberAdapter: d37dfca510458b12cd94a1a569dd2d67dc2852c6
  AppLovinMediationGoogleAdapter: 63482ef846f4c4203cd407679c0d70e3c43489a4
  AppLovinMediationGoogleAdManagerAdapter: 7939a76df5bd3beb229f875617dfc8926b820b8c
  AppLovinMediationInMobiAdapter: 3c85806a4d9a96a58e894eff1b652fa38d4823d8
  AppLovinMediationMintegralAdapter: 97d210078a2de1d2f5c922346010ab844e046271
  AppLovinMediationOguryPresageAdapter: 2154b8b0c70c67c6ed7db7177a1cdc00ff1c667c
  AppLovinMediationUnityAdsAdapter: bfa3172896aea71edbf5d3c429e92f09bb8a21ec
  AppLovinMediationVungleAdapter: c21018a07aeca248d8cca28cf027e6d620a7fe1d
  AppLovinSDK: fdae6a4361c9c9b09f8d7d18ede792368221d987
  BidMachine: 0deb881916c2063690debcbe98b0b5f11f6ce40d
  FBAudienceNetwork: 2457a89b45e2596241fd81b0c2fd8cb6f6053869
  Fyber_Marketplace_SDK: a39065cbd4bb3af733f3e9691fc9a098991fd3a2
  Google-Mobile-Ads-SDK: 3a76704456669fbed2057efc8bdb99050ad0e3fb
  GoogleUserMessagingPlatform: a8b56893477f67212fbc8411c139e61d463349f5
  iAdsCoreSDK: fde8c13f3ea1196178ab54ec5e5d0b5f465810c8
  iAdsMaxSDK: 4d008e5f5a0971fbb3b5d66be3bedee0ae4f8dee
  iComponentsSDK: 56858f4f510d4bbbd1cf2526a4b7848eac9d5d9c
  InMobiSDK: 0cfb1a1eb5112fa0236ae1fab549e31fb96c9566
  iReadFileConfigSDK: 81543aa77b5b5c1a2669ef115e66c25482bdee23
  iTrackingSDK: 78fd2c3d4fbf67bd9c330c7f0a5d45877499fe45
  MintegralAdSDK: 217cca20529055c8791c82985dd7a74864e49fd0
  OguryAds: 5bb3440777dbe8439621985761f5ebdf0b8c593c
  OguryCore: 1c7c2009f958b7026d5bca89e4c97dfa3fa9ef87
  OgurySdk: 95d23dee02e7c022f72328652b3e0d3eb694512a
  OMSDK_Appodeal: 066f9da2c77d560e319341c6bd4739828bc65842
  StackModules: 3a8cbd3d0f48f678b9310f471c7b84877e40201e
  UnityAds: a4036ed911b4df2227d8137f4f777fcb86c4a2df
  VungleAds: d7cf66a6dfd390a583ea2b2cfb9af1043b686e58

PODFILE CHECKSUM: 06259e14a005296848982aa707a9eb433d9a187f

COCOAPODS: 1.16.2
